
Microsoft Visual Studio Solution File, Format Version 12.00
# Visual Studio Version 16
VisualStudioVersion = 16.0.30114.105
MinimumVisualStudioVersion = 10.0.40219.1
Project("{FAE04EC0-301F-11D3-BF4B-00C04F79EFBC}") = "Demo", "Demo\Demo.csproj", "{794027DE-9E3E-4CC8-BC82-A609E5CFC09B}"
EndProject
Project("{FAE04EC0-301F-11D3-BF4B-00C04F79EFBC}") = "CryptographyTool", "CryptographyTool\CryptographyTool.csproj", "{378651C8-9A4A-44B7-A691-F3977A133365}"
EndProject
Global
	GlobalSection(SolutionConfigurationPlatforms) = preSolution
		Debug|Any CPU = Debug|Any CPU
		Release|Any CPU = Release|Any CPU
	EndGlobalSection
	GlobalSection(SolutionProperties) = preSolution
		HideSolutionNode = FALSE
	EndGlobalSection
	GlobalSection(ProjectConfigurationPlatforms) = postSolution
		{794027DE-9E3E-4CC8-BC82-A609E5CFC09B}.Debug|Any CPU.ActiveCfg = Debug|Any CPU
		{794027DE-9E3E-4CC8-BC82-A609E5CFC09B}.Debug|Any CPU.Build.0 = Debug|Any CPU
		{794027DE-9E3E-4CC8-BC82-A609E5CFC09B}.Release|Any CPU.ActiveCfg = Release|Any CPU
		{794027DE-9E3E-4CC8-BC82-A609E5CFC09B}.Release|Any CPU.Build.0 = Release|Any CPU
		{378651C8-9A4A-44B7-A691-F3977A133365}.Debug|Any CPU.ActiveCfg = Debug|Any CPU
		{378651C8-9A4A-44B7-A691-F3977A133365}.Debug|Any CPU.Build.0 = Debug|Any CPU
		{378651C8-9A4A-44B7-A691-F3977A133365}.Release|Any CPU.ActiveCfg = Release|Any CPU
		{378651C8-9A4A-44B7-A691-F3977A133365}.Release|Any CPU.Build.0 = Release|Any CPU
	EndGlobalSection
EndGlobal
